
Microsoft Visual Studio Solution File, Format Version 12.00
# Visual Studio Version 17
VisualStudioVersion = 17.7.33808.371
MinimumVisualStudioVersion = 10.0.40219.1
Project("{FAE04EC0-301F-11D3-BF4B-00C04F79EFBC}") = "Steam Authenticator", "Steam Authenticator\Steam Authenticator.csproj", "{8DA62ED5-A2A5-44E1-85C1-4127A7FEEB7A}"
EndProject
Project("{9A19103F-16F7-4668-BE54-9A1E7A4F7556}") = "SteamAuth", "SteamAuth\SteamAuth.csproj", "{5AD0934E-F6C4-4AE5-83AF-C788313B2A87}"
EndProject
Global
	GlobalSection(SolutionConfigurationPlatforms) = preSolution
		Debug|Any CPU = Debug|Any CPU
		Release|Any CPU = Release|Any CPU
	EndGlobalSection
	GlobalSection(ProjectConfigurationPlatforms) = postSolution
		{8DA62ED5-A2A5-44E1-85C1-4127A7FEEB7A}.Debug|Any CPU.ActiveCfg = Debug|Any CPU
		{8DA62ED5-A2A5-44E1-85C1-4127A7FEEB7A}.Debug|Any CPU.Build.0 = Debug|Any CPU
		{8DA62ED5-A2A5-44E1-85C1-4127A7FEEB7A}.Release|Any CPU.ActiveCfg = Release|Any CPU
		{8DA62ED5-A2A5-44E1-85C1-4127A7FEEB7A}.Release|Any CPU.Build.0 = Release|Any CPU
		{5AD0934E-F6C4-4AE5-83AF-C788313B2A87}.Debug|Any CPU.ActiveCfg = Debug|Any CPU
		{5AD0934E-F6C4-4AE5-83AF-C788313B2A87}.Debug|Any CPU.Build.0 = Debug|Any CPU
		{5AD0934E-F6C4-4AE5-83AF-C788313B2A87}.Release|Any CPU.ActiveCfg = Release|Any CPU
		{5AD0934E-F6C4-4AE5-83AF-C788313B2A87}.Release|Any CPU.Build.0 = Release|Any CPU
	EndGlobalSection
	GlobalSection(SolutionProperties) = preSolution
		HideSolutionNode = FALSE
	EndGlobalSection
	GlobalSection(ExtensibilityGlobals) = postSolution
		SolutionGuid = {107FA617-6B43-4616-A061-44FF6DD50266}
	EndGlobalSection
EndGlobal
